Microsoft Visual Studio Solution File, Format Version 12.00
# Visual Studio Version 17
VisualStudioVersion = 17.2.32210.308
MinimumVisualStudioVersion = 15.0.26124.0

Project("{2150E333-8FDC-42A3-9474-1A3956D46DE8}") = "Source", "Source", "{7F904F17-2ACC-4814-BA05-AA5B7201C95C}"
EndProject
Project("{2150E333-8FDC-42A3-9474-1A3956D46DE8}") = "Platforms", "Platforms", "{2033D10E-85E6-4E6F-BFF6-17C7C55A7BA9}"
EndProject
Project("{2150E333-8FDC-42A3-9474-1A3956D46DE8}") = "Backend", "Backend", "{3D1E1281-F6B0-4220-A870-CC56139F0D45}"
EndProject
Project("{2150E333-8FDC-42A3-9474-1A3956D46DE8}") = "Tests", "Tests", "{4F8CF5FA-612A-49BC-A54B-3E9A188B8057}"
EndProject

Project("{9A19103F-16F7-4668-BE54-9A1E7A4F7556}") = "issues10285", "issues10285\issues10285.csproj", "{793ED649-924C-4F64-8ACE-E15F57D2C6C0}"
EndProject
Project("{9A19103F-16F7-4668-BE54-9A1E7A4F7556}") = "issues10285.Mobile", "issues10285.Mobile\issues10285.Mobile.csproj", "{DBF3C8B9-5057-4D19-A8E7-9BC49B74E176}"
EndProject
Project("{9A19103F-16F7-4668-BE54-9A1E7A4F7556}") = "issues10285.Wasm", "issues10285.Wasm\issues10285.Wasm.csproj", "{D4F3F729-D76C-45EF-B05C-4F4D029A7689}"
EndProject
Project("{9A19103F-16F7-4668-BE54-9A1E7A4F7556}") = "issues10285.Skia.Gtk", "issues10285.Skia.Gtk\issues10285.Skia.Gtk.csproj", "{040C0B1A-CF8F-401B-B9D6-E1F8FE32474F}"
EndProject
Project("{9A19103F-16F7-4668-BE54-9A1E7A4F7556}") = "issues10285.Windows", "issues10285.Windows\issues10285.Windows.csproj", "{02A673E2-3954-4A63-B08E-CC91C3AF8A48}"
EndProject
Project("{9A19103F-16F7-4668-BE54-9A1E7A4F7556}") = "issues10285.Server", "issues10285.Server\issues10285.Server.csproj", "{33CFE43D-C546-49EB-A52D-AC386F56B5C4}"
EndProject
Project("{9A19103F-16F7-4668-BE54-9A1E7A4F7556}") = "issues10285.DataContracts", "issues10285.DataContracts\issues10285.DataContracts.csproj", "{5B5C9529-4DBD-4C48-BADC-371A56406DA3}"
EndProject
Project("{9A19103F-16F7-4668-BE54-9A1E7A4F7556}") = "issues10285.Tests", "issues10285.Tests\issues10285.Tests.csproj", "{7C48B493-5D09-4AE3-B1B0-D70F7060067F}"
EndProject
Project("{9A19103F-16F7-4668-BE54-9A1E7A4F7556}") = "issues10285.UITests", "issues10285.UITests\issues10285.UITests.csproj", "{D71DC979-2A0F-4BB0-957C-E24F95F24678}"
EndProject

Project("{2150E333-8FDC-42A3-9474-1A3956D46DE8}") = "Solution Items", "Solution Items", "{BADA71DC-7FFD-4EDC-9F28-FB74AEADC713}"
	ProjectSection(SolutionItems) = preProject
		Directory.Build.props = Directory.Build.props
		Directory.Build.targets = Directory.Build.targets
		Directory.Packages.props = Directory.Packages.props
	EndProjectSection
EndProject
Global
	GlobalSection(SolutionConfigurationPlatforms) = preSolution
		Debug|Any CPU = Debug|Any CPU
		Debug|ARM = Debug|ARM
		Debug|ARM64 = Debug|ARM64
		Debug|iPhone = Debug|iPhone
		Debug|iPhoneSimulator = Debug|iPhoneSimulator
		Debug|x64 = Debug|x64
		Debug|x86 = Debug|x86
		Release|Any CPU = Release|Any CPU
		Release|ARM = Release|ARM
		Release|ARM64 = Release|ARM64
		Release|iPhone = Release|iPhone
		Release|iPhoneSimulator = Release|iPhoneSimulator
		Release|x64 = Release|x64
		Release|x86 = Release|x86
	EndGlobalSection
	GlobalSection(ProjectConfigurationPlatforms) = postSolution
		{DBF3C8B9-5057-4D19-A8E7-9BC49B74E176}.Debug|Any CPU.ActiveCfg = Debug|Any CPU
		{DBF3C8B9-5057-4D19-A8E7-9BC49B74E176}.Debug|Any CPU.Build.0 = Debug|Any CPU
		{DBF3C8B9-5057-4D19-A8E7-9BC49B74E176}.Debug|Any CPU.Deploy.0 = Debug|Any CPU
		{DBF3C8B9-5057-4D19-A8E7-9BC49B74E176}.Debug|ARM.ActiveCfg = Debug|Any CPU
		{DBF3C8B9-5057-4D19-A8E7-9BC49B74E176}.Debug|ARM.Build.0 = Debug|Any CPU
		{DBF3C8B9-5057-4D19-A8E7-9BC49B74E176}.Debug|ARM.Deploy.0 = Debug|Any CPU
		{DBF3C8B9-5057-4D19-A8E7-9BC49B74E176}.Debug|ARM64.ActiveCfg = Debug|Any CPU
		{DBF3C8B9-5057-4D19-A8E7-9BC49B74E176}.Debug|ARM64.Build.0 = Debug|Any CPU
		{DBF3C8B9-5057-4D19-A8E7-9BC49B74E176}.Debug|ARM64.Deploy.0 = Debug|Any CPU
		{DBF3C8B9-5057-4D19-A8E7-9BC49B74E176}.Debug|iPhone.ActiveCfg = Debug|Any CPU
		{DBF3C8B9-5057-4D19-A8E7-9BC49B74E176}.Debug|iPhone.Build.0 = Debug|Any CPU
		{DBF3C8B9-5057-4D19-A8E7-9BC49B74E176}.Debug|iPhone.Deploy.0 = Debug|Any CPU
		{DBF3C8B9-5057-4D19-A8E7-9BC49B74E176}.Debug|iPhoneSimulator.ActiveCfg = Debug|Any CPU
		{DBF3C8B9-5057-4D19-A8E7-9BC49B74E176}.Debug|iPhoneSimulator.Build.0 = Debug|Any CPU
		{DBF3C8B9-5057-4D19-A8E7-9BC49B74E176}.Debug|iPhoneSimulator.Deploy.0 = Debug|Any CPU
		{DBF3C8B9-5057-4D19-A8E7-9BC49B74E176}.Debug|x64.ActiveCfg = Debug|Any CPU
		{DBF3C8B9-5057-4D19-A8E7-9BC49B74E176}.Debug|x64.Build.0 = Debug|Any CPU
		{DBF3C8B9-5057-4D19-A8E7-9BC49B74E176}.Debug|x64.Deploy.0 = Debug|Any CPU
		{DBF3C8B9-5057-4D19-A8E7-9BC49B74E176}.Debug|x86.ActiveCfg = Debug|Any CPU
		{DBF3C8B9-5057-4D19-A8E7-9BC49B74E176}.Debug|x86.Build.0 = Debug|Any CPU
		{DBF3C8B9-5057-4D19-A8E7-9BC49B74E176}.Debug|x86.Deploy.0 = Debug|Any CPU
		{DBF3C8B9-5057-4D19-A8E7-9BC49B74E176}.Release|Any CPU.ActiveCfg = Release|Any CPU
		{DBF3C8B9-5057-4D19-A8E7-9BC49B74E176}.Release|Any CPU.Build.0 = Release|Any CPU
		{DBF3C8B9-5057-4D19-A8E7-9BC49B74E176}.Release|Any CPU.Deploy.0 = Release|Any CPU
		{DBF3C8B9-5057-4D19-A8E7-9BC49B74E176}.Release|ARM.ActiveCfg = Release|Any CPU
		{DBF3C8B9-5057-4D19-A8E7-9BC49B74E176}.Release|ARM.Build.0 = Release|Any CPU
		{DBF3C8B9-5057-4D19-A8E7-9BC49B74E176}.Release|ARM.Deploy.0 = Release|Any CPU
		{DBF3C8B9-5057-4D19-A8E7-9BC49B74E176}.Release|ARM64.ActiveCfg = Release|Any CPU
		{DBF3C8B9-5057-4D19-A8E7-9BC49B74E176}.Release|ARM64.Build.0 = Release|Any CPU
		{DBF3C8B9-5057-4D19-A8E7-9BC49B74E176}.Release|ARM64.Deploy.0 = Release|Any CPU
		{DBF3C8B9-5057-4D19-A8E7-9BC49B74E176}.Release|iPhone.ActiveCfg = Release|Any CPU
		{DBF3C8B9-5057-4D19-A8E7-9BC49B74E176}.Release|iPhone.Build.0 = Release|Any CPU
		{DBF3C8B9-5057-4D19-A8E7-9BC49B74E176}.Release|iPhone.Deploy.0 = Release|Any CPU
		{DBF3C8B9-5057-4D19-A8E7-9BC49B74E176}.Release|iPhoneSimulator.ActiveCfg = Release|Any CPU
		{DBF3C8B9-5057-4D19-A8E7-9BC49B74E176}.Release|iPhoneSimulator.Build.0 = Release|Any CPU
		{DBF3C8B9-5057-4D19-A8E7-9BC49B74E176}.Release|iPhoneSimulator.Deploy.0 = Release|Any CPU
		{DBF3C8B9-5057-4D19-A8E7-9BC49B74E176}.Release|x64.ActiveCfg = Release|Any CPU
		{DBF3C8B9-5057-4D19-A8E7-9BC49B74E176}.Release|x64.Build.0 = Release|Any CPU
		{DBF3C8B9-5057-4D19-A8E7-9BC49B74E176}.Release|x64.Deploy.0 = Release|Any CPU
		{DBF3C8B9-5057-4D19-A8E7-9BC49B74E176}.Release|x86.ActiveCfg = Release|Any CPU
		{DBF3C8B9-5057-4D19-A8E7-9BC49B74E176}.Release|x86.Build.0 = Release|Any CPU
		{DBF3C8B9-5057-4D19-A8E7-9BC49B74E176}.Release|x86.Deploy.0 = Release|Any CPU
		{D4F3F729-D76C-45EF-B05C-4F4D029A7689}.Debug|Any CPU.ActiveCfg = Debug|Any CPU
		{D4F3F729-D76C-45EF-B05C-4F4D029A7689}.Debug|Any CPU.Build.0 = Debug|Any CPU
		{D4F3F729-D76C-45EF-B05C-4F4D029A7689}.Debug|ARM.ActiveCfg = Debug|Any CPU
		{D4F3F729-D76C-45EF-B05C-4F4D029A7689}.Debug|ARM.Build.0 = Debug|Any CPU
		{D4F3F729-D76C-45EF-B05C-4F4D029A7689}.Debug|ARM64.ActiveCfg = Debug|Any CPU
		{D4F3F729-D76C-45EF-B05C-4F4D029A7689}.Debug|ARM64.Build.0 = Debug|Any CPU
		{D4F3F729-D76C-45EF-B05C-4F4D029A7689}.Debug|iPhone.ActiveCfg = Debug|Any CPU
		{D4F3F729-D76C-45EF-B05C-4F4D029A7689}.Debug|iPhone.Build.0 = Debug|Any CPU
		{D4F3F729-D76C-45EF-B05C-4F4D029A7689}.Debug|iPhoneSimulator.ActiveCfg = Debug|Any CPU
		{D4F3F729-D76C-45EF-B05C-4F4D029A7689}.Debug|iPhoneSimulator.Build.0 = Debug|Any CPU
		{D4F3F729-D76C-45EF-B05C-4F4D029A7689}.Debug|x64.ActiveCfg = Debug|Any CPU
		{D4F3F729-D76C-45EF-B05C-4F4D029A7689}.Debug|x64.Build.0 = Debug|Any CPU
		{D4F3F729-D76C-45EF-B05C-4F4D029A7689}.Debug|x86.ActiveCfg = Debug|Any CPU
		{D4F3F729-D76C-45EF-B05C-4F4D029A7689}.Debug|x86.Build.0 = Debug|Any CPU
		{D4F3F729-D76C-45EF-B05C-4F4D029A7689}.Release|Any CPU.ActiveCfg = Release|Any CPU
		{D4F3F729-D76C-45EF-B05C-4F4D029A7689}.Release|Any CPU.Build.0 = Release|Any CPU
		{D4F3F729-D76C-45EF-B05C-4F4D029A7689}.Release|ARM.ActiveCfg = Release|Any CPU
		{D4F3F729-D76C-45EF-B05C-4F4D029A7689}.Release|ARM.Build.0 = Release|Any CPU
		{D4F3F729-D76C-45EF-B05C-4F4D029A7689}.Release|ARM64.ActiveCfg = Release|Any CPU
		{D4F3F729-D76C-45EF-B05C-4F4D029A7689}.Release|ARM64.Build.0 = Release|Any CPU
		{D4F3F729-D76C-45EF-B05C-4F4D029A7689}.Release|iPhone.ActiveCfg = Release|Any CPU
		{D4F3F729-D76C-45EF-B05C-4F4D029A7689}.Release|iPhone.Build.0 = Release|Any CPU
		{D4F3F729-D76C-45EF-B05C-4F4D029A7689}.Release|iPhoneSimulator.ActiveCfg = Release|Any CPU
		{D4F3F729-D76C-45EF-B05C-4F4D029A7689}.Release|iPhoneSimulator.Build.0 = Release|Any CPU
		{D4F3F729-D76C-45EF-B05C-4F4D029A7689}.Release|x64.ActiveCfg = Release|Any CPU
		{D4F3F729-D76C-45EF-B05C-4F4D029A7689}.Release|x64.Build.0 = Release|Any CPU
		{D4F3F729-D76C-45EF-B05C-4F4D029A7689}.Release|x86.ActiveCfg = Release|Any CPU
		{D4F3F729-D76C-45EF-B05C-4F4D029A7689}.Release|x86.Build.0 = Release|Any CPU
		{040C0B1A-CF8F-401B-B9D6-E1F8FE32474F}.Debug|Any CPU.ActiveCfg = Debug|Any CPU
		{040C0B1A-CF8F-401B-B9D6-E1F8FE32474F}.Debug|Any CPU.Build.0 = Debug|Any CPU
		{040C0B1A-CF8F-401B-B9D6-E1F8FE32474F}.Debug|ARM.ActiveCfg = Debug|Any CPU
		{040C0B1A-CF8F-401B-B9D6-E1F8FE32474F}.Debug|ARM.Build.0 = Debug|Any CPU
		{040C0B1A-CF8F-401B-B9D6-E1F8FE32474F}.Debug|ARM64.ActiveCfg = Debug|Any CPU
		{040C0B1A-CF8F-401B-B9D6-E1F8FE32474F}.Debug|ARM64.Build.0 = Debug|Any CPU
		{040C0B1A-CF8F-401B-B9D6-E1F8FE32474F}.Debug|iPhone.ActiveCfg = Debug|Any CPU
		{040C0B1A-CF8F-401B-B9D6-E1F8FE32474F}.Debug|iPhone.Build.0 = Debug|Any CPU
		{040C0B1A-CF8F-401B-B9D6-E1F8FE32474F}.Debug|iPhoneSimulator.ActiveCfg = Debug|Any CPU
		{040C0B1A-CF8F-401B-B9D6-E1F8FE32474F}.Debug|iPhoneSimulator.Build.0 = Debug|Any CPU
		{040C0B1A-CF8F-401B-B9D6-E1F8FE32474F}.Debug|x64.ActiveCfg = Debug|Any CPU
		{040C0B1A-CF8F-401B-B9D6-E1F8FE32474F}.Debug|x64.Build.0 = Debug|Any CPU
		{040C0B1A-CF8F-401B-B9D6-E1F8FE32474F}.Debug|x86.ActiveCfg = Debug|Any CPU
		{040C0B1A-CF8F-401B-B9D6-E1F8FE32474F}.Debug|x86.Build.0 = Debug|Any CPU
		{040C0B1A-CF8F-401B-B9D6-E1F8FE32474F}.Release|Any CPU.ActiveCfg = Release|Any CPU
		{040C0B1A-CF8F-401B-B9D6-E1F8FE32474F}.Release|Any CPU.Build.0 = Release|Any CPU
		{040C0B1A-CF8F-401B-B9D6-E1F8FE32474F}.Release|ARM.ActiveCfg = Release|Any CPU
		{040C0B1A-CF8F-401B-B9D6-E1F8FE32474F}.Release|ARM.Build.0 = Release|Any CPU
		{040C0B1A-CF8F-401B-B9D6-E1F8FE32474F}.Release|ARM64.ActiveCfg = Release|Any CPU
		{040C0B1A-CF8F-401B-B9D6-E1F8FE32474F}.Release|ARM64.Build.0 = Release|Any CPU
		{040C0B1A-CF8F-401B-B9D6-E1F8FE32474F}.Release|iPhone.ActiveCfg = Release|Any CPU
		{040C0B1A-CF8F-401B-B9D6-E1F8FE32474F}.Release|iPhone.Build.0 = Release|Any CPU
		{040C0B1A-CF8F-401B-B9D6-E1F8FE32474F}.Release|iPhoneSimulator.ActiveCfg = Release|Any CPU
		{040C0B1A-CF8F-401B-B9D6-E1F8FE32474F}.Release|iPhoneSimulator.Build.0 = Release|Any CPU
		{040C0B1A-CF8F-401B-B9D6-E1F8FE32474F}.Release|x64.ActiveCfg = Release|Any CPU
		{040C0B1A-CF8F-401B-B9D6-E1F8FE32474F}.Release|x64.Build.0 = Release|Any CPU
		{040C0B1A-CF8F-401B-B9D6-E1F8FE32474F}.Release|x86.ActiveCfg = Release|Any CPU
		{040C0B1A-CF8F-401B-B9D6-E1F8FE32474F}.Release|x86.Build.0 = Release|Any CPU
		{33CFE43D-C546-49EB-A52D-AC386F56B5C4}.Debug|Any CPU.ActiveCfg = Debug|Any CPU
		{33CFE43D-C546-49EB-A52D-AC386F56B5C4}.Debug|Any CPU.Build.0 = Debug|Any CPU
		{33CFE43D-C546-49EB-A52D-AC386F56B5C4}.Debug|ARM.ActiveCfg = Debug|Any CPU
		{33CFE43D-C546-49EB-A52D-AC386F56B5C4}.Debug|ARM.Build.0 = Debug|Any CPU
		{33CFE43D-C546-49EB-A52D-AC386F56B5C4}.Debug|ARM64.ActiveCfg = Debug|Any CPU
		{33CFE43D-C546-49EB-A52D-AC386F56B5C4}.Debug|ARM64.Build.0 = Debug|Any CPU
		{33CFE43D-C546-49EB-A52D-AC386F56B5C4}.Debug|iPhone.ActiveCfg = Debug|Any CPU
		{33CFE43D-C546-49EB-A52D-AC386F56B5C4}.Debug|iPhone.Build.0 = Debug|Any CPU
		{33CFE43D-C546-49EB-A52D-AC386F56B5C4}.Debug|iPhoneSimulator.ActiveCfg = Debug|Any CPU
		{33CFE43D-C546-49EB-A52D-AC386F56B5C4}.Debug|iPhoneSimulator.Build.0 = Debug|Any CPU
		{33CFE43D-C546-49EB-A52D-AC386F56B5C4}.Debug|x64.ActiveCfg = Debug|Any CPU
		{33CFE43D-C546-49EB-A52D-AC386F56B5C4}.Debug|x64.Build.0 = Debug|Any CPU
		{33CFE43D-C546-49EB-A52D-AC386F56B5C4}.Debug|x86.ActiveCfg = Debug|Any CPU
		{33CFE43D-C546-49EB-A52D-AC386F56B5C4}.Debug|x86.Build.0 = Debug|Any CPU
		{33CFE43D-C546-49EB-A52D-AC386F56B5C4}.Release|Any CPU.ActiveCfg = Release|Any CPU
		{33CFE43D-C546-49EB-A52D-AC386F56B5C4}.Release|Any CPU.Build.0 = Release|Any CPU
		{33CFE43D-C546-49EB-A52D-AC386F56B5C4}.Release|ARM.ActiveCfg = Release|Any CPU
		{33CFE43D-C546-49EB-A52D-AC386F56B5C4}.Release|ARM.Build.0 = Release|Any CPU
		{33CFE43D-C546-49EB-A52D-AC386F56B5C4}.Release|ARM64.ActiveCfg = Release|Any CPU
		{33CFE43D-C546-49EB-A52D-AC386F56B5C4}.Release|ARM64.Build.0 = Release|Any CPU
		{33CFE43D-C546-49EB-A52D-AC386F56B5C4}.Release|iPhone.ActiveCfg = Release|Any CPU
		{33CFE43D-C546-49EB-A52D-AC386F56B5C4}.Release|iPhone.Build.0 = Release|Any CPU
		{33CFE43D-C546-49EB-A52D-AC386F56B5C4}.Release|iPhoneSimulator.ActiveCfg = Release|Any CPU
		{33CFE43D-C546-49EB-A52D-AC386F56B5C4}.Release|iPhoneSimulator.Build.0 = Release|Any CPU
		{33CFE43D-C546-49EB-A52D-AC386F56B5C4}.Release|x64.ActiveCfg = Release|Any CPU
		{33CFE43D-C546-49EB-A52D-AC386F56B5C4}.Release|x64.Build.0 = Release|Any CPU
		{33CFE43D-C546-49EB-A52D-AC386F56B5C4}.Release|x86.ActiveCfg = Release|Any CPU
		{33CFE43D-C546-49EB-A52D-AC386F56B5C4}.Release|x86.Build.0 = Release|Any CPU
		{5B5C9529-4DBD-4C48-BADC-371A56406DA3}.Debug|Any CPU.ActiveCfg = Debug|Any CPU
		{5B5C9529-4DBD-4C48-BADC-371A56406DA3}.Debug|Any CPU.Build.0 = Debug|Any CPU
		{5B5C9529-4DBD-4C48-BADC-371A56406DA3}.Debug|ARM.ActiveCfg = Debug|Any CPU
		{5B5C9529-4DBD-4C48-BADC-371A56406DA3}.Debug|ARM.Build.0 = Debug|Any CPU
		{5B5C9529-4DBD-4C48-BADC-371A56406DA3}.Debug|ARM64.ActiveCfg = Debug|Any CPU
		{5B5C9529-4DBD-4C48-BADC-371A56406DA3}.Debug|ARM64.Build.0 = Debug|Any CPU
		{5B5C9529-4DBD-4C48-BADC-371A56406DA3}.Debug|iPhone.ActiveCfg = Debug|Any CPU
		{5B5C9529-4DBD-4C48-BADC-371A56406DA3}.Debug|iPhone.Build.0 = Debug|Any CPU
		{5B5C9529-4DBD-4C48-BADC-371A56406DA3}.Debug|iPhoneSimulator.ActiveCfg = Debug|Any CPU
		{5B5C9529-4DBD-4C48-BADC-371A56406DA3}.Debug|iPhoneSimulator.Build.0 = Debug|Any CPU
		{5B5C9529-4DBD-4C48-BADC-371A56406DA3}.Debug|x64.ActiveCfg = Debug|Any CPU
		{5B5C9529-4DBD-4C48-BADC-371A56406DA3}.Debug|x64.Build.0 = Debug|Any CPU
		{5B5C9529-4DBD-4C48-BADC-371A56406DA3}.Debug|x86.ActiveCfg = Debug|Any CPU
		{5B5C9529-4DBD-4C48-BADC-371A56406DA3}.Debug|x86.Build.0 = Debug|Any CPU
		{5B5C9529-4DBD-4C48-BADC-371A56406DA3}.Release|Any CPU.ActiveCfg = Release|Any CPU
		{5B5C9529-4DBD-4C48-BADC-371A56406DA3}.Release|Any CPU.Build.0 = Release|Any CPU
		{5B5C9529-4DBD-4C48-BADC-371A56406DA3}.Release|ARM.ActiveCfg = Release|Any CPU
		{5B5C9529-4DBD-4C48-BADC-371A56406DA3}.Release|ARM.Build.0 = Release|Any CPU
		{5B5C9529-4DBD-4C48-BADC-371A56406DA3}.Release|ARM64.ActiveCfg = Release|Any CPU
		{5B5C9529-4DBD-4C48-BADC-371A56406DA3}.Release|ARM64.Build.0 = Release|Any CPU
		{5B5C9529-4DBD-4C48-BADC-371A56406DA3}.Release|iPhone.ActiveCfg = Release|Any CPU
		{5B5C9529-4DBD-4C48-BADC-371A56406DA3}.Release|iPhone.Build.0 = Release|Any CPU
		{5B5C9529-4DBD-4C48-BADC-371A56406DA3}.Release|iPhoneSimulator.ActiveCfg = Release|Any CPU
		{5B5C9529-4DBD-4C48-BADC-371A56406DA3}.Release|iPhoneSimulator.Build.0 = Release|Any CPU
		{5B5C9529-4DBD-4C48-BADC-371A56406DA3}.Release|x64.ActiveCfg = Release|Any CPU
		{5B5C9529-4DBD-4C48-BADC-371A56406DA3}.Release|x64.Build.0 = Release|Any CPU
		{5B5C9529-4DBD-4C48-BADC-371A56406DA3}.Release|x86.ActiveCfg = Release|Any CPU
		{5B5C9529-4DBD-4C48-BADC-371A56406DA3}.Release|x86.Build.0 = Release|Any CPU
		{793ED649-924C-4F64-8ACE-E15F57D2C6C0}.Debug|Any CPU.ActiveCfg = Debug|Any CPU
		{793ED649-924C-4F64-8ACE-E15F57D2C6C0}.Debug|Any CPU.Build.0 = Debug|Any CPU
		{793ED649-924C-4F64-8ACE-E15F57D2C6C0}.Debug|ARM.ActiveCfg = Debug|Any CPU
		{793ED649-924C-4F64-8ACE-E15F57D2C6C0}.Debug|ARM.Build.0 = Debug|Any CPU
		{793ED649-924C-4F64-8ACE-E15F57D2C6C0}.Debug|ARM64.ActiveCfg = Debug|Any CPU
		{793ED649-924C-4F64-8ACE-E15F57D2C6C0}.Debug|ARM64.Build.0 = Debug|Any CPU
		{793ED649-924C-4F64-8ACE-E15F57D2C6C0}.Debug|iPhone.ActiveCfg = Debug|Any CPU
		{793ED649-924C-4F64-8ACE-E15F57D2C6C0}.Debug|iPhone.Build.0 = Debug|Any CPU
		{793ED649-924C-4F64-8ACE-E15F57D2C6C0}.Debug|iPhoneSimulator.ActiveCfg = Debug|Any CPU
		{793ED649-924C-4F64-8ACE-E15F57D2C6C0}.Debug|iPhoneSimulator.Build.0 = Debug|Any CPU
		{793ED649-924C-4F64-8ACE-E15F57D2C6C0}.Debug|x64.ActiveCfg = Debug|Any CPU
		{793ED649-924C-4F64-8ACE-E15F57D2C6C0}.Debug|x64.Build.0 = Debug|Any CPU
		{793ED649-924C-4F64-8ACE-E15F57D2C6C0}.Debug|x86.ActiveCfg = Debug|Any CPU
		{793ED649-924C-4F64-8ACE-E15F57D2C6C0}.Debug|x86.Build.0 = Debug|Any CPU
		{793ED649-924C-4F64-8ACE-E15F57D2C6C0}.Release|Any CPU.ActiveCfg = Release|Any CPU
		{793ED649-924C-4F64-8ACE-E15F57D2C6C0}.Release|Any CPU.Build.0 = Release|Any CPU
		{793ED649-924C-4F64-8ACE-E15F57D2C6C0}.Release|ARM.ActiveCfg = Release|Any CPU
		{793ED649-924C-4F64-8ACE-E15F57D2C6C0}.Release|ARM.Build.0 = Release|Any CPU
		{793ED649-924C-4F64-8ACE-E15F57D2C6C0}.Release|ARM64.ActiveCfg = Release|Any CPU
		{793ED649-924C-4F64-8ACE-E15F57D2C6C0}.Release|ARM64.Build.0 = Release|Any CPU
		{793ED649-924C-4F64-8ACE-E15F57D2C6C0}.Release|iPhone.ActiveCfg = Release|Any CPU
		{793ED649-924C-4F64-8ACE-E15F57D2C6C0}.Release|iPhone.Build.0 = Release|Any CPU
		{793ED649-924C-4F64-8ACE-E15F57D2C6C0}.Release|iPhoneSimulator.ActiveCfg = Release|Any CPU
		{793ED649-924C-4F64-8ACE-E15F57D2C6C0}.Release|iPhoneSimulator.Build.0 = Release|Any CPU
		{793ED649-924C-4F64-8ACE-E15F57D2C6C0}.Release|x64.ActiveCfg = Release|Any CPU
		{793ED649-924C-4F64-8ACE-E15F57D2C6C0}.Release|x64.Build.0 = Release|Any CPU
		{793ED649-924C-4F64-8ACE-E15F57D2C6C0}.Release|x86.ActiveCfg = Release|Any CPU
		{793ED649-924C-4F64-8ACE-E15F57D2C6C0}.Release|x86.Build.0 = Release|Any CPU
		{7C48B493-5D09-4AE3-B1B0-D70F7060067F}.Debug|Any CPU.ActiveCfg = Debug|Any CPU
		{7C48B493-5D09-4AE3-B1B0-D70F7060067F}.Debug|Any CPU.Build.0 = Debug|Any CPU
		{7C48B493-5D09-4AE3-B1B0-D70F7060067F}.Debug|ARM.ActiveCfg = Debug|Any CPU
		{7C48B493-5D09-4AE3-B1B0-D70F7060067F}.Debug|ARM.Build.0 = Debug|Any CPU
		{7C48B493-5D09-4AE3-B1B0-D70F7060067F}.Debug|ARM64.ActiveCfg = Debug|Any CPU
		{7C48B493-5D09-4AE3-B1B0-D70F7060067F}.Debug|ARM64.Build.0 = Debug|Any CPU
		{7C48B493-5D09-4AE3-B1B0-D70F7060067F}.Debug|iPhone.ActiveCfg = Debug|Any CPU
		{7C48B493-5D09-4AE3-B1B0-D70F7060067F}.Debug|iPhone.Build.0 = Debug|Any CPU
		{7C48B493-5D09-4AE3-B1B0-D70F7060067F}.Debug|iPhoneSimulator.ActiveCfg = Debug|Any CPU
		{7C48B493-5D09-4AE3-B1B0-D70F7060067F}.Debug|iPhoneSimulator.Build.0 = Debug|Any CPU
		{7C48B493-5D09-4AE3-B1B0-D70F7060067F}.Debug|x64.ActiveCfg = Debug|Any CPU
		{7C48B493-5D09-4AE3-B1B0-D70F7060067F}.Debug|x64.Build.0 = Debug|Any CPU
		{7C48B493-5D09-4AE3-B1B0-D70F7060067F}.Debug|x86.ActiveCfg = Debug|Any CPU
		{7C48B493-5D09-4AE3-B1B0-D70F7060067F}.Debug|x86.Build.0 = Debug|Any CPU
		{7C48B493-5D09-4AE3-B1B0-D70F7060067F}.Release|Any CPU.ActiveCfg = Release|Any CPU
		{7C48B493-5D09-4AE3-B1B0-D70F7060067F}.Release|Any CPU.Build.0 = Release|Any CPU
		{7C48B493-5D09-4AE3-B1B0-D70F7060067F}.Release|ARM.ActiveCfg = Release|Any CPU
		{7C48B493-5D09-4AE3-B1B0-D70F7060067F}.Release|ARM.Build.0 = Release|Any CPU
		{7C48B493-5D09-4AE3-B1B0-D70F7060067F}.Release|ARM64.ActiveCfg = Release|Any CPU
		{7C48B493-5D09-4AE3-B1B0-D70F7060067F}.Release|ARM64.Build.0 = Release|Any CPU
		{7C48B493-5D09-4AE3-B1B0-D70F7060067F}.Release|iPhone.ActiveCfg = Release|Any CPU
		{7C48B493-5D09-4AE3-B1B0-D70F7060067F}.Release|iPhone.Build.0 = Release|Any CPU
		{7C48B493-5D09-4AE3-B1B0-D70F7060067F}.Release|iPhoneSimulator.ActiveCfg = Release|Any CPU
		{7C48B493-5D09-4AE3-B1B0-D70F7060067F}.Release|iPhoneSimulator.Build.0 = Release|Any CPU
		{7C48B493-5D09-4AE3-B1B0-D70F7060067F}.Release|x64.ActiveCfg = Release|Any CPU
		{7C48B493-5D09-4AE3-B1B0-D70F7060067F}.Release|x64.Build.0 = Release|Any CPU
		{7C48B493-5D09-4AE3-B1B0-D70F7060067F}.Release|x86.ActiveCfg = Release|Any CPU
		{7C48B493-5D09-4AE3-B1B0-D70F7060067F}.Release|x86.Build.0 = Release|Any CPU
		{D71DC979-2A0F-4BB0-957C-E24F95F24678}.Debug|Any CPU.ActiveCfg = Debug|Any CPU
		{D71DC979-2A0F-4BB0-957C-E24F95F24678}.Debug|Any CPU.Build.0 = Debug|Any CPU
		{D71DC979-2A0F-4BB0-957C-E24F95F24678}.Debug|ARM.ActiveCfg = Debug|Any CPU
		{D71DC979-2A0F-4BB0-957C-E24F95F24678}.Debug|ARM.Build.0 = Debug|Any CPU
		{D71DC979-2A0F-4BB0-957C-E24F95F24678}.Debug|ARM64.ActiveCfg = Debug|Any CPU
		{D71DC979-2A0F-4BB0-957C-E24F95F24678}.Debug|ARM64.Build.0 = Debug|Any CPU
		{D71DC979-2A0F-4BB0-957C-E24F95F24678}.Debug|iPhone.ActiveCfg = Debug|Any CPU
		{D71DC979-2A0F-4BB0-957C-E24F95F24678}.Debug|iPhone.Build.0 = Debug|Any CPU
		{D71DC979-2A0F-4BB0-957C-E24F95F24678}.Debug|iPhoneSimulator.ActiveCfg = Debug|Any CPU
		{D71DC979-2A0F-4BB0-957C-E24F95F24678}.Debug|iPhoneSimulator.Build.0 = Debug|Any CPU
		{D71DC979-2A0F-4BB0-957C-E24F95F24678}.Debug|x64.ActiveCfg = Debug|Any CPU
		{D71DC979-2A0F-4BB0-957C-E24F95F24678}.Debug|x64.Build.0 = Debug|Any CPU
		{D71DC979-2A0F-4BB0-957C-E24F95F24678}.Debug|x86.ActiveCfg = Debug|Any CPU
		{D71DC979-2A0F-4BB0-957C-E24F95F24678}.Debug|x86.Build.0 = Debug|Any CPU
		{D71DC979-2A0F-4BB0-957C-E24F95F24678}.Release|Any CPU.ActiveCfg = Release|Any CPU
		{D71DC979-2A0F-4BB0-957C-E24F95F24678}.Release|Any CPU.Build.0 = Release|Any CPU
		{D71DC979-2A0F-4BB0-957C-E24F95F24678}.Release|ARM.ActiveCfg = Release|Any CPU
		{D71DC979-2A0F-4BB0-957C-E24F95F24678}.Release|ARM.Build.0 = Release|Any CPU
		{D71DC979-2A0F-4BB0-957C-E24F95F24678}.Release|ARM64.ActiveCfg = Release|Any CPU
		{D71DC979-2A0F-4BB0-957C-E24F95F24678}.Release|ARM64.Build.0 = Release|Any CPU
		{D71DC979-2A0F-4BB0-957C-E24F95F24678}.Release|iPhone.ActiveCfg = Release|Any CPU
		{D71DC979-2A0F-4BB0-957C-E24F95F24678}.Release|iPhone.Build.0 = Release|Any CPU
		{D71DC979-2A0F-4BB0-957C-E24F95F24678}.Release|iPhoneSimulator.ActiveCfg = Release|Any CPU
		{D71DC979-2A0F-4BB0-957C-E24F95F24678}.Release|iPhoneSimulator.Build.0 = Release|Any CPU
		{D71DC979-2A0F-4BB0-957C-E24F95F24678}.Release|x64.ActiveCfg = Release|Any CPU
		{D71DC979-2A0F-4BB0-957C-E24F95F24678}.Release|x64.Build.0 = Release|Any CPU
		{D71DC979-2A0F-4BB0-957C-E24F95F24678}.Release|x86.ActiveCfg = Release|Any CPU
		{D71DC979-2A0F-4BB0-957C-E24F95F24678}.Release|x86.Build.0 = Release|Any CPU
		{02A673E2-3954-4A63-B08E-CC91C3AF8A48}.Debug|Any CPU.ActiveCfg = Debug|x64
		{02A673E2-3954-4A63-B08E-CC91C3AF8A48}.Debug|Any CPU.Build.0 = Debug|x64
		{02A673E2-3954-4A63-B08E-CC91C3AF8A48}.Debug|Any CPU.Deploy.0 = Debug|x64
		{02A673E2-3954-4A63-B08E-CC91C3AF8A48}.Debug|ARM.ActiveCfg = Debug|x64
		{02A673E2-3954-4A63-B08E-CC91C3AF8A48}.Debug|ARM.Build.0 = Debug|x64
		{02A673E2-3954-4A63-B08E-CC91C3AF8A48}.Debug|ARM.Deploy.0 = Debug|x64
		{02A673E2-3954-4A63-B08E-CC91C3AF8A48}.Debug|ARM64.ActiveCfg = Debug|arm64
		{02A673E2-3954-4A63-B08E-CC91C3AF8A48}.Debug|ARM64.Build.0 = Debug|arm64
		{02A673E2-3954-4A63-B08E-CC91C3AF8A48}.Debug|ARM64.Deploy.0 = Debug|arm64
		{02A673E2-3954-4A63-B08E-CC91C3AF8A48}.Debug|iPhone.ActiveCfg = Debug|x64
		{02A673E2-3954-4A63-B08E-CC91C3AF8A48}.Debug|iPhone.Build.0 = Debug|x64
		{02A673E2-3954-4A63-B08E-CC91C3AF8A48}.Debug|iPhone.Deploy.0 = Debug|x64
		{02A673E2-3954-4A63-B08E-CC91C3AF8A48}.Debug|iPhoneSimulator.ActiveCfg = Debug|x64
		{02A673E2-3954-4A63-B08E-CC91C3AF8A48}.Debug|iPhoneSimulator.Build.0 = Debug|x64
		{02A673E2-3954-4A63-B08E-CC91C3AF8A48}.Debug|iPhoneSimulator.Deploy.0 = Debug|x64
		{02A673E2-3954-4A63-B08E-CC91C3AF8A48}.Debug|x64.ActiveCfg = Debug|x64
		{02A673E2-3954-4A63-B08E-CC91C3AF8A48}.Debug|x64.Build.0 = Debug|x64
		{02A673E2-3954-4A63-B08E-CC91C3AF8A48}.Debug|x86.ActiveCfg = Debug|x86
		{02A673E2-3954-4A63-B08E-CC91C3AF8A48}.Debug|x86.Build.0 = Debug|x86
		{02A673E2-3954-4A63-B08E-CC91C3AF8A48}.Release|Any CPU.ActiveCfg = Release|x64
		{02A673E2-3954-4A63-B08E-CC91C3AF8A48}.Release|Any CPU.Build.0 = Release|x64
		{02A673E2-3954-4A63-B08E-CC91C3AF8A48}.Release|Any CPU.Deploy.0 = Release|x64
		{02A673E2-3954-4A63-B08E-CC91C3AF8A48}.Release|ARM.ActiveCfg = Release|x64
		{02A673E2-3954-4A63-B08E-CC91C3AF8A48}.Release|ARM.Build.0 = Release|x64
		{02A673E2-3954-4A63-B08E-CC91C3AF8A48}.Release|ARM64.ActiveCfg = Release|arm64
		{02A673E2-3954-4A63-B08E-CC91C3AF8A48}.Release|ARM64.Build.0 = Release|arm64
		{02A673E2-3954-4A63-B08E-CC91C3AF8A48}.Release|iPhone.ActiveCfg = Release|x64
		{02A673E2-3954-4A63-B08E-CC91C3AF8A48}.Release|iPhone.Build.0 = Release|x64
		{02A673E2-3954-4A63-B08E-CC91C3AF8A48}.Release|iPhoneSimulator.ActiveCfg = Release|x64
		{02A673E2-3954-4A63-B08E-CC91C3AF8A48}.Release|iPhoneSimulator.Build.0 = Release|x64
		{02A673E2-3954-4A63-B08E-CC91C3AF8A48}.Release|x64.ActiveCfg = Release|x64
		{02A673E2-3954-4A63-B08E-CC91C3AF8A48}.Release|x64.Build.0 = Release|x64
		{02A673E2-3954-4A63-B08E-CC91C3AF8A48}.Release|x86.ActiveCfg = Release|x86
		{02A673E2-3954-4A63-B08E-CC91C3AF8A48}.Release|x86.Build.0 = Release|x86
	EndGlobalSection
	GlobalSection(SolutionProperties) = preSolution
		HideSolutionNode = FALSE
	EndGlobalSection
	GlobalSection(NestedProjects) = preSolution
		{793ED649-924C-4F64-8ACE-E15F57D2C6C0} = {7F904F17-2ACC-4814-BA05-AA5B7201C95C}
		{5B5C9529-4DBD-4C48-BADC-371A56406DA3} = {7F904F17-2ACC-4814-BA05-AA5B7201C95C}
		{2033D10E-85E6-4E6F-BFF6-17C7C55A7BA9} = {7F904F17-2ACC-4814-BA05-AA5B7201C95C}
		{3D1E1281-F6B0-4220-A870-CC56139F0D45} = {7F904F17-2ACC-4814-BA05-AA5B7201C95C}
		{DBF3C8B9-5057-4D19-A8E7-9BC49B74E176} = {2033D10E-85E6-4E6F-BFF6-17C7C55A7BA9}
		{D4F3F729-D76C-45EF-B05C-4F4D029A7689} = {2033D10E-85E6-4E6F-BFF6-17C7C55A7BA9}
		{040C0B1A-CF8F-401B-B9D6-E1F8FE32474F} = {2033D10E-85E6-4E6F-BFF6-17C7C55A7BA9}
		{02A673E2-3954-4A63-B08E-CC91C3AF8A48} = {2033D10E-85E6-4E6F-BFF6-17C7C55A7BA9}
		{33CFE43D-C546-49EB-A52D-AC386F56B5C4} = {3D1E1281-F6B0-4220-A870-CC56139F0D45}
		{7C48B493-5D09-4AE3-B1B0-D70F7060067F} = {4F8CF5FA-612A-49BC-A54B-3E9A188B8057}
		{D71DC979-2A0F-4BB0-957C-E24F95F24678} = {4F8CF5FA-612A-49BC-A54B-3E9A188B8057}
	EndGlobalSection
	GlobalSection(ExtensibilityGlobals) = postSolution
		SolutionGuid = {6AEEF4C9-434C-4153-9E1D-C9FE1383898E}
	EndGlobalSection
EndGlobal
